
Microsoft Visual Studio Solution File, Format Version 12.00
# Visual Studio Version 17
VisualStudioVersion = 17.10.35013.160
MinimumVisualStudioVersion = 10.0.40219.1
Project("{FAE04EC0-301F-11D3-BF4B-00C04F79EFBC}") = "VS2022BugTest1", "VS2022BugTest1\VS2022BugTest1.csproj", "{C45713EA-7DB3-420B-91AF-3208D03BDDD9}"
EndProject
Global
	GlobalSection(SolutionConfigurationPlatforms) = preSolution
		Debug|Any CPU = Debug|Any CPU
		Release|Any CPU = Release|Any CPU
	EndGlobalSection
	GlobalSection(ProjectConfigurationPlatforms) = postSolution
		{C45713EA-7DB3-420B-91AF-3208D03BDDD9}.Debug|Any CPU.ActiveCfg = Debug|Any CPU
		{C45713EA-7DB3-420B-91AF-3208D03BDDD9}.Debug|Any CPU.Build.0 = Debug|Any CPU
		{C45713EA-7DB3-420B-91AF-3208D03BDDD9}.Release|Any CPU.ActiveCfg = Release|Any CPU
		{C45713EA-7DB3-420B-91AF-3208D03BDDD9}.Release|Any CPU.Build.0 = Release|Any CPU
	EndGlobalSection
	GlobalSection(SolutionProperties) = preSolution
		HideSolutionNode = FALSE
	EndGlobalSection
	GlobalSection(ExtensibilityGlobals) = postSolution
		SolutionGuid = {F1A8A8D6-901D-455F-BCE7-DC934C6E0F55}
	EndGlobalSection
EndGlobal
